
Microsoft Visual Studio Solution File, Format Version 12.00
# Visual Studio Version 17
VisualStudioVersion = 17.8.34330.188
MinimumVisualStudioVersion = 10.0.40219.1
Project("{FAE04EC0-301F-11D3-BF4B-00C04F79EFBC}") = "HangFire", "HangFire\HangFire.csproj", "{1233F079-B6A1-4610-8FD5-E0089526D53F}"
EndProject
Global
	GlobalSection(SolutionConfigurationPlatforms) = preSolution
		Debug|Any CPU = Debug|Any CPU
		Release|Any CPU = Release|Any CPU
	EndGlobalSection
	GlobalSection(ProjectConfigurationPlatforms) = postSolution
		{1233F079-B6A1-4610-8FD5-E0089526D53F}.Debug|Any CPU.ActiveCfg = Debug|Any CPU
		{1233F079-B6A1-4610-8FD5-E0089526D53F}.Debug|Any CPU.Build.0 = Debug|Any CPU
		{1233F079-B6A1-4610-8FD5-E0089526D53F}.Release|Any CPU.ActiveCfg = Release|Any CPU
		{1233F079-B6A1-4610-8FD5-E0089526D53F}.Release|Any CPU.Build.0 = Release|Any CPU
	EndGlobalSection
	GlobalSection(SolutionProperties) = preSolution
		HideSolutionNode = FALSE
	EndGlobalSection
	GlobalSection(ExtensibilityGlobals) = postSolution
		SolutionGuid = {035EEC67-F6AB-4370-939C-845D9CA813B8}
	EndGlobalSection
EndGlobal
